
Microsoft Visual Studio Solution File, Format Version 12.00
# Visual Studio Version 16
VisualStudioVersion = 16.0.32929.386
MinimumVisualStudioVersion = 10.0.40219.1
Project("{FAE04EC0-301F-11D3-BF4B-00C04F79EFBC}") = "Practical 5", "Practical 5\Practical 5.csproj", "{11D46335-44BE-492B-AC78-1ABA0ACB1E2A}"
EndProject
Global
	GlobalSection(SolutionConfigurationPlatforms) = preSolution
		Debug|Any CPU = Debug|Any CPU
		Release|Any CPU = Release|Any CPU
	EndGlobalSection
	GlobalSection(ProjectConfigurationPlatforms) = postSolution
		{11D46335-44BE-492B-AC78-1ABA0ACB1E2A}.Debug|Any CPU.ActiveCfg = Debug|Any CPU
		{11D46335-44BE-492B-AC78-1ABA0ACB1E2A}.Debug|Any CPU.Build.0 = Debug|Any CPU
		{11D46335-44BE-492B-AC78-1ABA0ACB1E2A}.Release|Any CPU.ActiveCfg = Release|Any CPU
		{11D46335-44BE-492B-AC78-1ABA0ACB1E2A}.Release|Any CPU.Build.0 = Release|Any CPU
	EndGlobalSection
	GlobalSection(SolutionProperties) = preSolution
		HideSolutionNode = FALSE
	EndGlobalSection
	GlobalSection(ExtensibilityGlobals) = postSolution
		SolutionGuid = {B02CEBD0-88F8-44AA-971A-7EA67A91C2CB}
	EndGlobalSection
EndGlobal
