
Microsoft Visual Studio Solution File, Format Version 12.00
# Visual Studio Version 16
VisualStudioVersion = 16.0.32929.386
MinimumVisualStudioVersion = 10.0.40219.1
Project("{FAE04EC0-301F-11D3-BF4B-00C04F79EFBC}") = "Practical 21", "Practical 21\Practical 21.csproj", "{72B9F3B8-673F-441B-92F5-1D252470D300}"
EndProject
Global
	GlobalSection(SolutionConfigurationPlatforms) = preSolution
		Debug|Any CPU = Debug|Any CPU
		Release|Any CPU = Release|Any CPU
	EndGlobalSection
	GlobalSection(ProjectConfigurationPlatforms) = postSolution
		{72B9F3B8-673F-441B-92F5-1D252470D300}.Debug|Any CPU.ActiveCfg = Debug|Any CPU
		{72B9F3B8-673F-441B-92F5-1D252470D300}.Debug|Any CPU.Build.0 = Debug|Any CPU
		{72B9F3B8-673F-441B-92F5-1D252470D300}.Release|Any CPU.ActiveCfg = Release|Any CPU
		{72B9F3B8-673F-441B-92F5-1D252470D300}.Release|Any CPU.Build.0 = Release|Any CPU
	EndGlobalSection
	GlobalSection(SolutionProperties) = preSolution
		HideSolutionNode = FALSE
	EndGlobalSection
	GlobalSection(ExtensibilityGlobals) = postSolution
		SolutionGuid = {C7A22B39-D5CB-46E6-8C8B-D7BA811A5B55}
	EndGlobalSection
EndGlobal
