
Microsoft Visual Studio Solution File, Format Version 12.00
# Visual Studio Version 16
VisualStudioVersion = 16.0.32929.386
MinimumVisualStudioVersion = 10.0.40219.1
Project("{FAE04EC0-301F-11D3-BF4B-00C04F79EFBC}") = "Practical 16", "Practical 16\Practical 16.csproj", "{DCDA2FB9-0304-4495-AE71-F965CE8FFD28}"
EndProject
Global
	GlobalSection(SolutionConfigurationPlatforms) = preSolution
		Debug|Any CPU = Debug|Any CPU
		Release|Any CPU = Release|Any CPU
	EndGlobalSection
	GlobalSection(ProjectConfigurationPlatforms) = postSolution
		{DCDA2FB9-0304-4495-AE71-F965CE8FFD28}.Debug|Any CPU.ActiveCfg = Debug|Any CPU
		{DCDA2FB9-0304-4495-AE71-F965CE8FFD28}.Debug|Any CPU.Build.0 = Debug|Any CPU
		{DCDA2FB9-0304-4495-AE71-F965CE8FFD28}.Release|Any CPU.ActiveCfg = Release|Any CPU
		{DCDA2FB9-0304-4495-AE71-F965CE8FFD28}.Release|Any CPU.Build.0 = Release|Any CPU
	EndGlobalSection
	GlobalSection(SolutionProperties) = preSolution
		HideSolutionNode = FALSE
	EndGlobalSection
	GlobalSection(ExtensibilityGlobals) = postSolution
		SolutionGuid = {6DFD0A7B-1B23-4D99-ABDC-796179E4B480}
	EndGlobalSection
EndGlobal
